
Microsoft Visual Studio Solution File, Format Version 12.00
# Visual Studio Version 17
VisualStudioVersion = 17.8.34316.72
MinimumVisualStudioVersion = 10.0.40219.1
Project("{FAE04EC0-301F-11D3-BF4B-00C04F79EFBC}") = "Hello World", "Hello World\Hello World.csproj", "{B2A12F2D-C34D-475E-96DD-FD9A374CFB9C}"
EndProject
Global
	GlobalSection(SolutionConfigurationPlatforms) = preSolution
		Debug|Any CPU = Debug|Any CPU
		Release|Any CPU = Release|Any CPU
	EndGlobalSection
	GlobalSection(ProjectConfigurationPlatforms) = postSolution
		{B2A12F2D-C34D-475E-96DD-FD9A374CFB9C}.Debug|Any CPU.ActiveCfg = Debug|Any CPU
		{B2A12F2D-C34D-475E-96DD-FD9A374CFB9C}.Debug|Any CPU.Build.0 = Debug|Any CPU
		{B2A12F2D-C34D-475E-96DD-FD9A374CFB9C}.Release|Any CPU.ActiveCfg = Release|Any CPU
		{B2A12F2D-C34D-475E-96DD-FD9A374CFB9C}.Release|Any CPU.Build.0 = Release|Any CPU
	EndGlobalSection
	GlobalSection(SolutionProperties) = preSolution
		HideSolutionNode = FALSE
	EndGlobalSection
	GlobalSection(ExtensibilityGlobals) = postSolution
		SolutionGuid = {C8FC2C40-7FB4-4F83-B4EE-9DB3E20028D8}
	EndGlobalSection
EndGlobal
